// !$*UTF8*$!
{
	archiveVersion = 1;
	classes = {
	};
	objectVersion = 55;
	objects = {

/* Begin PBXBuildFile section */
		B117FB6D28ABE0E700DF8D51 /* MusicListViewProtocol.swift in Sources */ = {isa = PBXBuildFile; fileRef = B117FB6C28ABE0E700DF8D51 /* MusicListViewProtocol.swift */; };
		B117FB6F28ABE0F800DF8D51 /* MusicListPresenter.swift in Sources */ = {isa = PBXBuildFile; fileRef = B117FB6E28ABE0F800DF8D51 /* MusicListPresenter.swift */; };
		B117FB7228ABE8CF00DF8D51 /* ProfileViewController.swift in Sources */ = {isa = PBXBuildFile; fileRef = B117FB7128ABE8CF00DF8D51 /* ProfileViewController.swift */; };
		B117FB7928ABEB3F00DF8D51 /* DetailsViewController.swift in Sources */ = {isa = PBXBuildFile; fileRef = B117FB7828ABEB3F00DF8D51 /* DetailsViewController.swift */; };
		B117FB7F28ABFECD00DF8D51 /* AlertBuilder.swift in Sources */ = {isa = PBXBuildFile; fileRef = B117FB7E28ABFECD00DF8D51 /* AlertBuilder.swift */; };
		B12D48FC28A3DE6200D66B51 /* AppDelegate.swift in Sources */ = {isa = PBXBuildFile; fileRef = B12D48FB28A3DE6200D66B51 /* AppDelegate.swift */; };
		B12D48FE28A3DE6200D66B51 /* SceneDelegate.swift in Sources */ = {isa = PBXBuildFile; fileRef = B12D48FD28A3DE6200D66B51 /* SceneDelegate.swift */; };
		B12D490028A3DE6200D66B51 /* SignInViewController.swift in Sources */ = {isa = PBXBuildFile; fileRef = B12D48FF28A3DE6200D66B51 /* SignInViewController.swift */; };
		B12D490328A3DE6200D66B51 /* Main.storyboard in Resources */ = {isa = PBXBuildFile; fileRef = B12D490128A3DE6200D66B51 /* Main.storyboard */; };
		B12D490628A3DE6200D66B51 /* ListOfMusicApp.xcdatamodeld in Sources */ = {isa = PBXBuildFile; fileRef = B12D490428A3DE6200D66B51 /* ListOfMusicApp.xcdatamodeld */; };
		B12D490828A3DE6300D66B51 /* Assets.xcassets in Resources */ = {isa = PBXBuildFile; fileRef = B12D490728A3DE6300D66B51 /* Assets.xcassets */; };
		B131B3F528A4F04000936E58 /* UIColor+Extension.swift in Sources */ = {isa = PBXBuildFile; fileRef = B131B3F428A4F04000936E58 /* UIColor+Extension.swift */; };
		B137B87C28AD05AD00813D49 /* AlbumModel.swift in Sources */ = {isa = PBXBuildFile; fileRef = B137B87B28AD05AD00813D49 /* AlbumModel.swift */; };
		B137B88128AD071500813D49 /* NetworkRequest.swift in Sources */ = {isa = PBXBuildFile; fileRef = B137B88028AD071500813D49 /* NetworkRequest.swift */; };
		B137B88328AD092100813D49 /* NetworkDataFetch.swift in Sources */ = {isa = PBXBuildFile; fileRef = B137B88228AD092100813D49 /* NetworkDataFetch.swift */; };
		B144EE0828ABA71A00D1602D /* MusicListViewController.swift in Sources */ = {isa = PBXBuildFile; fileRef = B144EE0728ABA71A00D1602D /* MusicListViewController.swift */; };
		B144EE0A28ABA8A900D1602D /* UIImage+Extension.swift in Sources */ = {isa = PBXBuildFile; fileRef = B144EE0928ABA8A900D1602D /* UIImage+Extension.swift */; };
		B151C01728A921AC0003F299 /* SignUpViewProtocol.swift in Sources */ = {isa = PBXBuildFile; fileRef = B151C01628A921AC0003F299 /* SignUpViewProtocol.swift */; };
		B151C01B28A9280E0003F299 /* SignUpPresenter.swift in Sources */ = {isa = PBXBuildFile; fileRef = B151C01A28A9280E0003F299 /* SignUpPresenter.swift */; };
		B15248D328A64D0D004518BD /* String+Extension.swift in Sources */ = {isa = PBXBuildFile; fileRef = B15248D228A64D0D004518BD /* String+Extension.swift */; };
		B16E9FAE28ACE13F00A331C8 /* DataStoreManager.swift in Sources */ = {isa = PBXBuildFile; fileRef = B16E9FAD28ACE13F00A331C8 /* DataStoreManager.swift */; };
		B16E9FB828ACE5F000A331C8 /* UserDataModel.swift in Sources */ = {isa = PBXBuildFile; fileRef = B16E9FB728ACE5F000A331C8 /* UserDataModel.swift */; };
		B16E9FBA28ACFB0800A331C8 /* DateFormatter+.swift in Sources */ = {isa = PBXBuildFile; fileRef = B16E9FB928ACFB0800A331C8 /* DateFormatter+.swift */; };
		B1BCC82428A7FFCE0054E61A /* SignInViewProtocol.swift in Sources */ = {isa = PBXBuildFile; fileRef = B1BCC82328A7FFCE0054E61A /* SignInViewProtocol.swift */; };
		B1BCC82628A800B60054E61A /* SignInPresenter.swift in Sources */ = {isa = PBXBuildFile; fileRef = B1BCC82528A800B60054E61A /* SignInPresenter.swift */; };
		B1BCC82828A8016A0054E61A /* AuthProtocol.swift in Sources */ = {isa = PBXBuildFile; fileRef = B1BCC82728A8016A0054E61A /* AuthProtocol.swift */; };
		B1BCC82A28A802730054E61A /* Authentication.swift in Sources */ = {isa = PBXBuildFile; fileRef = B1BCC82928A802730054E61A /* Authentication.swift */; };
		B1BCC82C28A807450054E61A /* GoogleService-Info.plist in Resources */ = {isa = PBXBuildFile; fileRef = B1BCC82B28A807450054E61A /* GoogleService-Info.plist */; };
		B1BF5DFB28A3F64C00F5D189 /* SettingsUI.swift in Sources */ = {isa = PBXBuildFile; fileRef = B1BF5DFA28A3F64C00F5D189 /* SettingsUI.swift */; };
		B1BF5DFD28A402A800F5D189 /* SignUpViewController.swift in Sources */ = {isa = PBXBuildFile; fileRef = B1BF5DFC28A402A800F5D189 /* SignUpViewController.swift */; };
		B1C392C928AD992A007AB7B1 /* UserData+CoreDataProperties.swift in Sources */ = {isa = PBXBuildFile; fileRef = B1C392C728AD992A007AB7B1 /* UserData+CoreDataProperties.swift */; };
		B1C392CA28AD992A007AB7B1 /* UserData+CoreDataClass.swift in Sources */ = {isa = PBXBuildFile; fileRef = B1C392C828AD992A007AB7B1 /* UserData+CoreDataClass.swift */; };
		B1CBD6D728A6A3FE00A2EFF6 /* UserAuth.swift in Sources */ = {isa = PBXBuildFile; fileRef = B1CBD6D628A6A3FE00A2EFF6 /* UserAuth.swift */; };
		B1F2552528AD7E1200D343B9 /* SongsModel.swift in Sources */ = {isa = PBXBuildFile; fileRef = B1F2552428AD7E1200D343B9 /* SongsModel.swift */; };
		DD0173646EE8F60E6BA115A0 /* Pods_ListOfMusicApp.framework in Frameworks */ = {isa = PBXBuildFile; fileRef = 36FBF070A1B836AB9A2E8275 /* Pods_ListOfMusicApp.framework */; };
/* End PBXBuildFile section */

/* Begin PBXFileReference section */
		36FBF070A1B836AB9A2E8275 /* Pods_ListOfMusicApp.framework */ = {isa = PBXFileReference; explicitFileType = wrapper.framework; includeInIndex = 0; path = Pods_ListOfMusicApp.framework; sourceTree = BUILT_PRODUCTS_DIR; };
		7AA04A23161038B0B92021D3 /* Pods-ListOfMusicApp.release.xcconfig */ = {isa = PBXFileReference; includeInIndex = 1; lastKnownFileType = text.xcconfig; name = "Pods-ListOfMusicApp.release.xcconfig"; path = "Target Support Files/Pods-ListOfMusicApp/Pods-ListOfMusicApp.release.xcconfig"; sourceTree = "<group>"; };
		B117FB6C28ABE0E700DF8D51 /* MusicListViewProtocol.swift */ = {isa = PBXFileReference; lastKnownFileType = sourcecode.swift; path = MusicListViewProtocol.swift; sourceTree = "<group>"; };
		B117FB6E28ABE0F800DF8D51 /* MusicListPresenter.swift */ = {isa = PBXFileReference; lastKnownFileType = sourcecode.swift; path = MusicListPresenter.swift; sourceTree = "<group>"; };
		B117FB7128ABE8CF00DF8D51 /* ProfileViewController.swift */ = {isa = PBXFileReference; lastKnownFileType = sourcecode.swift; path = ProfileViewController.swift; sourceTree = "<group>"; };
		B117FB7828ABEB3F00DF8D51 /* DetailsViewController.swift */ = {isa = PBXFileReference; lastKnownFileType = sourcecode.swift; path = DetailsViewController.swift; sourceTree = "<group>"; };
		B117FB7E28ABFECD00DF8D51 /* AlertBuilder.swift */ = {isa = PBXFileReference; lastKnownFileType = sourcecode.swift; path = AlertBuilder.swift; sourceTree = "<group>"; };
		B12D48F828A3DE6200D66B51 /* ListOfMusicApp.app */ = {isa = PBXFileReference; explicitFileType = wrapper.application; includeInIndex = 0; path = ListOfMusicApp.app; sourceTree = BUILT_PRODUCTS_DIR; };
		B12D48FB28A3DE6200D66B51 /* AppDelegate.swift */ = {isa = PBXFileReference; lastKnownFileType = sourcecode.swift; path = AppDelegate.swift; sourceTree = "<group>"; };
		B12D48FD28A3DE6200D66B51 /* SceneDelegate.swift */ = {isa = PBXFileReference; lastKnownFileType = sourcecode.swift; path = SceneDelegate.swift; sourceTree = "<group>"; };
		B12D48FF28A3DE6200D66B51 /* SignInViewController.swift */ = {isa = PBXFileReference; lastKnownFileType = sourcecode.swift; path = SignInViewController.swift; sourceTree = "<group>"; };
		B12D490228A3DE6200D66B51 /* Base */ = {isa = PBXFileReference; lastKnownFileType = file.storyboard; name = Base; path = Base.lproj/Main.storyboard; sourceTree = "<group>"; };
		B12D490528A3DE6200D66B51 /* ListOfMusicApp.xcdatamodel */ = {isa = PBXFileReference; lastKnownFileType = wrapper.xcdatamodel; path = ListOfMusicApp.xcdatamodel; sourceTree = "<group>"; };
		B12D490728A3DE6300D66B51 /* Assets.xcassets */ = {isa = PBXFileReference; lastKnownFileType = folder.assetcatalog; path = Assets.xcassets; sourceTree = "<group>"; };
		B12D490C28A3DE6300D66B51 /* Info.plist */ = {isa = PBXFileReference; lastKnownFileType = text.plist.xml; path = Info.plist; sourceTree = "<group>"; };
		B131B3F428A4F04000936E58 /* UIColor+Extension.swift */ = {isa = PBXFileReference; lastKnownFileType = sourcecode.swift; path = "UIColor+Extension.swift"; sourceTree = "<group>"; };
		B137B87B28AD05AD00813D49 /* AlbumModel.swift */ = {isa = PBXFileReference; lastKnownFileType = sourcecode.swift; path = AlbumModel.swift; sourceTree = "<group>"; };
		B137B88028AD071500813D49 /* NetworkRequest.swift */ = {isa = PBXFileReference; lastKnownFileType = sourcecode.swift; path = NetworkRequest.swift; sourceTree = "<group>"; };
		B137B88228AD092100813D49 /* NetworkDataFetch.swift */ = {isa = PBXFileReference; lastKnownFileType = sourcecode.swift; path = NetworkDataFetch.swift; sourceTree = "<group>"; };
		B144EE0728ABA71A00D1602D /* MusicListViewController.swift */ = {isa = PBXFileReference; lastKnownFileType = sourcecode.swift; path = MusicListViewController.swift; sourceTree = "<group>"; };
		B144EE0928ABA8A900D1602D /* UIImage+Extension.swift */ = {isa = PBXFileReference; lastKnownFileType = sourcecode.swift; path = "UIImage+Extension.swift"; sourceTree = "<group>"; };
		B151C01628A921AC0003F299 /* SignUpViewProtocol.swift */ = {isa = PBXFileReference; lastKnownFileType = sourcecode.swift; path = SignUpViewProtocol.swift; sourceTree = "<group>"; };
		B151C01A28A9280E0003F299 /* SignUpPresenter.swift */ = {isa = PBXFileReference; lastKnownFileType = sourcecode.swift; path = SignUpPresenter.swift; sourceTree = "<group>"; };
		B15248D228A64D0D004518BD /* String+Extension.swift */ = {isa = PBXFileReference; lastKnownFileType = sourcecode.swift; path = "String+Extension.swift"; sourceTree = "<group>"; };
		B16E9FAD28ACE13F00A331C8 /* DataStoreManager.swift */ = {isa = PBXFileReference; lastKnownFileType = sourcecode.swift; path = DataStoreManager.swift; sourceTree = "<group>"; };
		B16E9FB728ACE5F000A331C8 /* UserDataModel.swift */ = {isa = PBXFileReference; lastKnownFileType = sourcecode.swift; path = UserDataModel.swift; sourceTree = "<group>"; };
		B16E9FB928ACFB0800A331C8 /* DateFormatter+.swift */ = {isa = PBXFileReference; lastKnownFileType = sourcecode.swift; path = "DateFormatter+.swift"; sourceTree = "<group>"; };
		B1BCC82328A7FFCE0054E61A /* SignInViewProtocol.swift */ = {isa = PBXFileReference; lastKnownFileType = sourcecode.swift; path = SignInViewProtocol.swift; sourceTree = "<group>"; };
		B1BCC82528A800B60054E61A /* SignInPresenter.swift */ = {isa = PBXFileReference; lastKnownFileType = sourcecode.swift; path = SignInPresenter.swift; sourceTree = "<group>"; };
		B1BCC82728A8016A0054E61A /* AuthProtocol.swift */ = {isa = PBXFileReference; lastKnownFileType = sourcecode.swift; path = AuthProtocol.swift; sourceTree = "<group>"; };
		B1BCC82928A802730054E61A /* Authentication.swift */ = {isa = PBXFileReference; lastKnownFileType = sourcecode.swift; path = Authentication.swift; sourceTree = "<group>"; };
		B1BCC82B28A807450054E61A /* GoogleService-Info.plist */ = {isa = PBXFileReference; fileEncoding = 4; lastKnownFileType = text.plist.xml; path = "GoogleService-Info.plist"; sourceTree = "<group>"; };
		B1BF5DFA28A3F64C00F5D189 /* SettingsUI.swift */ = {isa = PBXFileReference; lastKnownFileType = sourcecode.swift; path = SettingsUI.swift; sourceTree = "<group>"; };
		B1BF5DFC28A402A800F5D189 /* SignUpViewController.swift */ = {isa = PBXFileReference; lastKnownFileType = sourcecode.swift; path = SignUpViewController.swift; sourceTree = "<group>"; };
		B1C392C728AD992A007AB7B1 /* UserData+CoreDataProperties.swift */ = {isa = PBXFileReference; fileEncoding = 4; lastKnownFileType = sourcecode.swift; path = "UserData+CoreDataProperties.swift"; sourceTree = "<group>"; };
		B1C392C828AD992A007AB7B1 /* UserData+CoreDataClass.swift */ = {isa = PBXFileReference; fileEncoding = 4; lastKnownFileType = sourcecode.swift; path = "UserData+CoreDataClass.swift"; sourceTree = "<group>"; };
		B1CBD6D628A6A3FE00A2EFF6 /* UserAuth.swift */ = {isa = PBXFileReference; lastKnownFileType = sourcecode.swift; path = UserAuth.swift; sourceTree = "<group>"; };
		B1F2552428AD7E1200D343B9 /* SongsModel.swift */ = {isa = PBXFileReference; lastKnownFileType = sourcecode.swift; path = SongsModel.swift; sourceTree = "<group>"; };
		CA9310609D07B9921A3EA9A1 /* Pods-ListOfMusicApp.debug.xcconfig */ = {isa = PBXFileReference; includeInIndex = 1; lastKnownFileType = text.xcconfig; name = "Pods-ListOfMusicApp.debug.xcconfig"; path = "Target Support Files/Pods-ListOfMusicApp/Pods-ListOfMusicApp.debug.xcconfig"; sourceTree = "<group>"; };
/* End PBXFileReference section */

/* Begin PBXFrameworksBuildPhase section */
		B12D48F528A3DE6200D66B51 /* Frameworks */ = {
			isa = PBXFrameworksBuildPhase;
			buildActionMask = 2147483647;
			files = (
				DD0173646EE8F60E6BA115A0 /* Pods_ListOfMusicApp.framework in Frameworks */,
			);
			runOnlyForDeploymentPostprocessing = 0;
		};
/* End PBXFrameworksBuildPhase section */

/* Begin PBXGroup section */
		1ACD4FDC39AF640EC1E955ED /* Pods */ = {
			isa = PBXGroup;
			children = (
				CA9310609D07B9921A3EA9A1 /* Pods-ListOfMusicApp.debug.xcconfig */,
				7AA04A23161038B0B92021D3 /* Pods-ListOfMusicApp.release.xcconfig */,
			);
			path = Pods;
			sourceTree = "<group>";
		};
		5778440FBA15665755BCBAEB /* Frameworks */ = {
			isa = PBXGroup;
			children = (
				36FBF070A1B836AB9A2E8275 /* Pods_ListOfMusicApp.framework */,
			);
			name = Frameworks;
			sourceTree = "<group>";
		};
		B117FB7028ABE88700DF8D51 /* Profile */ = {
			isa = PBXGroup;
			children = (
				B117FB7128ABE8CF00DF8D51 /* ProfileViewController.swift */,
			);
			path = Profile;
			sourceTree = "<group>";
		};
		B117FB7728ABEB0900DF8D51 /* Details */ = {
			isa = PBXGroup;
			children = (
				B117FB7828ABEB3F00DF8D51 /* DetailsViewController.swift */,
			);
			path = Details;
			sourceTree = "<group>";
		};
		B12D48EF28A3DE6200D66B51 = {
			isa = PBXGroup;
			children = (
				B12D48FA28A3DE6200D66B51 /* ListOfMusicApp */,
				B12D48F928A3DE6200D66B51 /* Products */,
				1ACD4FDC39AF640EC1E955ED /* Pods */,
				5778440FBA15665755BCBAEB /* Frameworks */,
			);
			sourceTree = "<group>";
		};
		B12D48F928A3DE6200D66B51 /* Products */ = {
			isa = PBXGroup;
			children = (
				B12D48F828A3DE6200D66B51 /* ListOfMusicApp.app */,
			);
			name = Products;
			sourceTree = "<group>";
		};
		B12D48FA28A3DE6200D66B51 /* ListOfMusicApp */ = {
			isa = PBXGroup;
			children = (
				B1BF5DF828A3F61400F5D189 /* App */,
				B131B3F328A4EFEA00936E58 /* Extensions */,
				B1BF5DF928A3F62300F5D189 /* Helpers */,
				B16E9FBC28AD055900A331C8 /* Services */,
				B1CBD6D528A6A3E500A2EFF6 /* Model */,
				B12D491428A3DFF300D66B51 /* View */,
				B12D490128A3DE6200D66B51 /* Main.storyboard */,
				B12D490728A3DE6300D66B51 /* Assets.xcassets */,
				B12D490C28A3DE6300D66B51 /* Info.plist */,
				B1BCC82B28A807450054E61A /* GoogleService-Info.plist */,
				B12D490428A3DE6200D66B51 /* ListOfMusicApp.xcdatamodeld */,
			);
			path = ListOfMusicApp;
			sourceTree = "<group>";
		};
		B12D491428A3DFF300D66B51 /* View */ = {
			isa = PBXGroup;
			children = (
				B117FB7728ABEB0900DF8D51 /* Details */,
				B117FB7028ABE88700DF8D51 /* Profile */,
				B144EE0628ABA6FF00D1602D /* MusicList */,
				B1BCC82228A7FF8C0054E61A /* SignUp */,
				B1BCC82128A7FF5A0054E61A /* SignIn */,
			);
			path = View;
			sourceTree = "<group>";
		};
		B131B3F328A4EFEA00936E58 /* Extensions */ = {
			isa = PBXGroup;
			children = (
				B131B3F428A4F04000936E58 /* UIColor+Extension.swift */,
				B15248D228A64D0D004518BD /* String+Extension.swift */,
				B144EE0928ABA8A900D1602D /* UIImage+Extension.swift */,
				B16E9FB928ACFB0800A331C8 /* DateFormatter+.swift */,
			);
			path = Extensions;
			sourceTree = "<group>";
		};
		B137B87D28AD06BB00813D49 /* Network */ = {
			isa = PBXGroup;
			children = (
				B137B88028AD071500813D49 /* NetworkRequest.swift */,
				B137B88228AD092100813D49 /* NetworkDataFetch.swift */,
			);
			path = Network;
			sourceTree = "<group>";
		};
		B137B87E28AD06C200813D49 /* Authentication */ = {
			isa = PBXGroup;
			children = (
				B1BCC82728A8016A0054E61A /* AuthProtocol.swift */,
				B1BCC82928A802730054E61A /* Authentication.swift */,
			);
			path = Authentication;
			sourceTree = "<group>";
		};
		B137B87F28AD06D900813D49 /* Storage */ = {
			isa = PBXGroup;
			children = (
				B16E9FAD28ACE13F00A331C8 /* DataStoreManager.swift */,
			);
			path = Storage;
			sourceTree = "<group>";
		};
		B144EE0628ABA6FF00D1602D /* MusicList */ = {
			isa = PBXGroup;
			children = (
				B144EE0728ABA71A00D1602D /* MusicListViewController.swift */,
				B117FB6C28ABE0E700DF8D51 /* MusicListViewProtocol.swift */,
				B117FB6E28ABE0F800DF8D51 /* MusicListPresenter.swift */,
			);
			path = MusicList;
			sourceTree = "<group>";
		};
		B16E9FBB28AD054600A331C8 /* CoreData */ = {
			isa = PBXGroup;
			children = (
				B1C392C828AD992A007AB7B1 /* UserData+CoreDataClass.swift */,
				B1C392C728AD992A007AB7B1 /* UserData+CoreDataProperties.swift */,
			);
			path = CoreData;
			sourceTree = "<group>";
		};
		B16E9FBC28AD055900A331C8 /* Services */ = {
			isa = PBXGroup;
			children = (
				B137B87F28AD06D900813D49 /* Storage */,
				B137B87E28AD06C200813D49 /* Authentication */,
				B137B87D28AD06BB00813D49 /* Network */,
			);
			path = Services;
			sourceTree = "<group>";
		};
		B1BCC82128A7FF5A0054E61A /* SignIn */ = {
			isa = PBXGroup;
			children = (
				B12D48FF28A3DE6200D66B51 /* SignInViewController.swift */,
				B1BCC82328A7FFCE0054E61A /* SignInViewProtocol.swift */,
				B1BCC82528A800B60054E61A /* SignInPresenter.swift */,
			);
			path = SignIn;
			sourceTree = "<group>";
		};
		B1BCC82228A7FF8C0054E61A /* SignUp */ = {
			isa = PBXGroup;
			children = (
				B1BF5DFC28A402A800F5D189 /* SignUpViewController.swift */,
				B151C01628A921AC0003F299 /* SignUpViewProtocol.swift */,
				B151C01A28A9280E0003F299 /* SignUpPresenter.swift */,
			);
			path = SignUp;
			sourceTree = "<group>";
		};
		B1BF5DF828A3F61400F5D189 /* App */ = {
			isa = PBXGroup;
			children = (
				B12D48FB28A3DE6200D66B51 /* AppDelegate.swift */,
				B12D48FD28A3DE6200D66B51 /* SceneDelegate.swift */,
			);
			path = App;
			sourceTree = "<group>";
		};
		B1BF5DF928A3F62300F5D189 /* Helpers */ = {
			isa = PBXGroup;
			children = (
				B1BF5DFA28A3F64C00F5D189 /* SettingsUI.swift */,
				B117FB7E28ABFECD00DF8D51 /* AlertBuilder.swift */,
			);
			path = Helpers;
			sourceTree = "<group>";
		};
		B1CBD6D528A6A3E500A2EFF6 /* Model */ = {
			isa = PBXGroup;
			children = (
				B16E9FBB28AD054600A331C8 /* CoreData */,
				B1CBD6D628A6A3FE00A2EFF6 /* UserAuth.swift */,
				B16E9FB728ACE5F000A331C8 /* UserDataModel.swift */,
				B137B87B28AD05AD00813D49 /* AlbumModel.swift */,
				B1F2552428AD7E1200D343B9 /* SongsModel.swift */,
			);
			path = Model;
			sourceTree = "<group>";
		};
/* End PBXGroup section */

/* Begin PBXNativeTarget section */
		B12D48F728A3DE6200D66B51 /* ListOfMusicApp */ = {
			isa = PBXNativeTarget;
			buildConfigurationList = B12D490F28A3DE6300D66B51 /* Build configuration list for PBXNativeTarget "ListOfMusicApp" */;
			buildPhases = (
				779BFF952F14E2E12F5B7E84 /* [CP] Check Pods Manifest.lock */,
				B12D48F428A3DE6200D66B51 /* Sources */,
				B12D48F528A3DE6200D66B51 /* Frameworks */,
				B12D48F628A3DE6200D66B51 /* Resources */,
				28D65DAAC01845A9B415A7A3 /* [CP] Embed Pods Frameworks */,
			);
			buildRules = (
			);
			dependencies = (
			);
			name = ListOfMusicApp;
			productName = ListOfMusicApp;
			productReference = B12D48F828A3DE6200D66B51 /* ListOfMusicApp.app */;
			productType = "com.apple.product-type.application";
		};
/* End PBXNativeTarget section */

/* Begin PBXProject section */
		B12D48F028A3DE6200D66B51 /* Project object */ = {
			isa = PBXProject;
			attributes = {
				BuildIndependentTargetsInParallel = 1;
				LastSwiftUpdateCheck = 1330;
				LastUpgradeCheck = 1330;
				TargetAttributes = {
					B12D48F728A3DE6200D66B51 = {
						CreatedOnToolsVersion = 13.3.1;
					};
				};
			};
			buildConfigurationList = B12D48F328A3DE6200D66B51 /* Build configuration list for PBXProject "ListOfMusicApp" */;
			compatibilityVersion = "Xcode 13.0";
			developmentRegion = en;
			hasScannedForEncodings = 0;
			knownRegions = (
				en,
				Base,
			);
			mainGroup = B12D48EF28A3DE6200D66B51;
			productRefGroup = B12D48F928A3DE6200D66B51 /* Products */;
			projectDirPath = "";
			projectRoot = "";
			targets = (
				B12D48F728A3DE6200D66B51 /* ListOfMusicApp */,
			);
		};
/* End PBXProject section */

/* Begin PBXResourcesBuildPhase section */
		B12D48F628A3DE6200D66B51 /* Resources */ = {
			isa = PBXResourcesBuildPhase;
			buildActionMask = 2147483647;
			files = (
				B12D490828A3DE6300D66B51 /* Assets.xcassets in Resources */,
				B12D490328A3DE6200D66B51 /* Main.storyboard in Resources */,
				B1BCC82C28A807450054E61A /* GoogleService-Info.plist in Resources */,
			);
			runOnlyForDeploymentPostprocessing = 0;
		};
/* End PBXResourcesBuildPhase section */

/* Begin PBXShellScriptBuildPhase section */
		28D65DAAC01845A9B415A7A3 /* [CP] Embed Pods Frameworks */ = {
			isa = PBXShellScriptBuildPhase;
			buildActionMask = 2147483647;
			files = (
			);
			inputFileListPaths = (
				"${PODS_ROOT}/Target Support Files/Pods-ListOfMusicApp/Pods-ListOfMusicApp-frameworks-${CONFIGURATION}-input-files.xcfilelist",
			);
			name = "[CP] Embed Pods Frameworks";
			outputFileListPaths = (
				"${PODS_ROOT}/Target Support Files/Pods-ListOfMusicApp/Pods-ListOfMusicApp-frameworks-${CONFIGURATION}-output-files.xcfilelist",
			);
			runOnlyForDeploymentPostprocessing = 0;
			shellPath = /bin/sh;
			shellScript = "\"${PODS_ROOT}/Target Support Files/Pods-ListOfMusicApp/Pods-ListOfMusicApp-frameworks.sh\"\n";
			showEnvVarsInLog = 0;
		};
		779BFF952F14E2E12F5B7E84 /* [CP] Check Pods Manifest.lock */ = {
			isa = PBXShellScriptBuildPhase;
			buildActionMask = 2147483647;
			files = (
			);
			inputFileListPaths = (
			);
			inputPaths = (
				"${PODS_PODFILE_DIR_PATH}/Podfile.lock",
				"${PODS_ROOT}/Manifest.lock",
			);
			name = "[CP] Check Pods Manifest.lock";
			outputFileListPaths = (
			);
			outputPaths = (
				"$(DERIVED_FILE_DIR)/Pods-ListOfMusicApp-checkManifestLockResult.txt",
			);
			runOnlyForDeploymentPostprocessing = 0;
			shellPath = /bin/sh;
			shellScript = "diff \"${PODS_PODFILE_DIR_PATH}/Podfile.lock\" \"${PODS_ROOT}/Manifest.lock\" > /dev/null\nif [ $? != 0 ] ; then\n    # print error to STDERR\n    echo \"error: The sandbox is not in sync with the Podfile.lock. Run 'pod install' or update your CocoaPods installation.\" >&2\n    exit 1\nfi\n# This output is used by Xcode 'outputs' to avoid re-running this script phase.\necho \"SUCCESS\" > \"${SCRIPT_OUTPUT_FILE_0}\"\n";
			showEnvVarsInLog = 0;
		};
/* End PBXShellScriptBuildPhase section */

/* Begin PBXSourcesBuildPhase section */
		B12D48F428A3DE6200D66B51 /* Sources */ = {
			isa = PBXSourcesBuildPhase;
			buildActionMask = 2147483647;
			files = (
				B131B3F528A4F04000936E58 /* UIColor+Extension.swift in Sources */,
				B137B87C28AD05AD00813D49 /* AlbumModel.swift in Sources */,
				B1BCC82828A8016A0054E61A /* AuthProtocol.swift in Sources */,
				B137B88128AD071500813D49 /* NetworkRequest.swift in Sources */,
				B1BF5DFD28A402A800F5D189 /* SignUpViewController.swift in Sources */,
				B1BCC82428A7FFCE0054E61A /* SignInViewProtocol.swift in Sources */,
				B1C392C928AD992A007AB7B1 /* UserData+CoreDataProperties.swift in Sources */,
				B1BCC82A28A802730054E61A /* Authentication.swift in Sources */,
				B144EE0A28ABA8A900D1602D /* UIImage+Extension.swift in Sources */,
				B1BCC82628A800B60054E61A /* SignInPresenter.swift in Sources */,
				B15248D328A64D0D004518BD /* String+Extension.swift in Sources */,
				B117FB7928ABEB3F00DF8D51 /* DetailsViewController.swift in Sources */,
				B16E9FB828ACE5F000A331C8 /* UserDataModel.swift in Sources */,
				B16E9FAE28ACE13F00A331C8 /* DataStoreManager.swift in Sources */,
				B117FB6D28ABE0E700DF8D51 /* MusicListViewProtocol.swift in Sources */,
				B12D490028A3DE6200D66B51 /* SignInViewController.swift in Sources */,
				B151C01728A921AC0003F299 /* SignUpViewProtocol.swift in Sources */,
				B144EE0828ABA71A00D1602D /* MusicListViewController.swift in Sources */,
				B16E9FBA28ACFB0800A331C8 /* DateFormatter+.swift in Sources */,
				B12D48FC28A3DE6200D66B51 /* AppDelegate.swift in Sources */,
				B117FB7228ABE8CF00DF8D51 /* ProfileViewController.swift in Sources */,
				B1CBD6D728A6A3FE00A2EFF6 /* UserAuth.swift in Sources */,
				B117FB7F28ABFECD00DF8D51 /* AlertBuilder.swift in Sources */,
				B1F2552528AD7E1200D343B9 /* SongsModel.swift in Sources */,
				B12D490628A3DE6200D66B51 /* ListOfMusicApp.xcdatamodeld in Sources */,
				B1BF5DFB28A3F64C00F5D189 /* SettingsUI.swift in Sources */,
				B151C01B28A9280E0003F299 /* SignUpPresenter.swift in Sources */,
				B1C392CA28AD992A007AB7B1 /* UserData+CoreDataClass.swift in Sources */,
				B117FB6F28ABE0F800DF8D51 /* MusicListPresenter.swift in Sources */,
				B12D48FE28A3DE6200D66B51 /* SceneDelegate.swift in Sources */,
				B137B88328AD092100813D49 /* NetworkDataFetch.swift in Sources */,
			);
			runOnlyForDeploymentPostprocessing = 0;
		};
/* End PBXSourcesBuildPhase section */

/* Begin PBXVariantGroup section */
		B12D490128A3DE6200D66B51 /* Main.storyboard */ = {
			isa = PBXVariantGroup;
			children = (
				B12D490228A3DE6200D66B51 /* Base */,
			);
			name = Main.storyboard;
			sourceTree = "<group>";
		};
/* End PBXVariantGroup section */

/* Begin XCBuildConfiguration section */
		B12D490D28A3DE6300D66B51 /* Debug */ = {
			isa = XCBuildConfiguration;
			buildSettings = {
				ALWAYS_SEARCH_USER_PATHS = NO;
				CLANG_ANALYZER_NONNULL = YES;
				CLANG_ANALYZER_NUMBER_OBJECT_CONVERSION = YES_AGGRESSIVE;
				CLANG_CXX_LANGUAGE_STANDARD = "gnu++17";
				CLANG_ENABLE_MODULES = YES;
				CLANG_ENABLE_OBJC_ARC = YES;
				CLANG_ENABLE_OBJC_WEAK = YES;
				CLANG_WARN_BLOCK_CAPTURE_AUTORELEASING = YES;
				CLANG_WARN_BOOL_CONVERSION = YES;
				CLANG_WARN_COMMA = YES;
				CLANG_WARN_CONSTANT_CONVERSION = YES;
				CLANG_WARN_DEPRECATED_OBJC_IMPLEMENTATIONS = YES;
				CLANG_WARN_DIRECT_OBJC_ISA_USAGE = YES_ERROR;
				CLANG_WARN_DOCUMENTATION_COMMENTS = YES;
				CLANG_WARN_EMPTY_BODY = YES;
				CLANG_WARN_ENUM_CONVERSION = YES;
				CLANG_WARN_INFINITE_RECURSION = YES;
				CLANG_WARN_INT_CONVERSION = YES;
				CLANG_WARN_NON_LITERAL_NULL_CONVERSION = YES;
				CLANG_WARN_OBJC_IMPLICIT_RETAIN_SELF = YES;
				CLANG_WARN_OBJC_LITERAL_CONVERSION = YES;
				CLANG_WARN_OBJC_ROOT_CLASS = YES_ERROR;
				CLANG_WARN_QUOTED_INCLUDE_IN_FRAMEWORK_HEADER = YES;
				CLANG_WARN_RANGE_LOOP_ANALYSIS = YES;
				CLANG_WARN_STRICT_PROTOTYPES = YES;
				CLANG_WARN_SUSPICIOUS_MOVE = YES;
				CLANG_WARN_UNGUARDED_AVAILABILITY = YES_AGGRESSIVE;
				CLANG_WARN_UNREACHABLE_CODE = YES;
				CLANG_WARN__DUPLICATE_METHOD_MATCH = YES;
				COPY_PHASE_STRIP = NO;
				DEBUG_INFORMATION_FORMAT = dwarf;
				ENABLE_STRICT_OBJC_MSGSEND = YES;
				ENABLE_TESTABILITY = YES;
				GCC_C_LANGUAGE_STANDARD = gnu11;
				GCC_DYNAMIC_NO_PIC = NO;
				GCC_NO_COMMON_BLOCKS = YES;
				GCC_OPTIMIZATION_LEVEL = 0;
				GCC_PREPROCESSOR_DEFINITIONS = (
					"DEBUG=1",
					"$(inherited)",
				);
				GCC_WARN_64_TO_32_BIT_CONVERSION = YES;
				GCC_WARN_ABOUT_RETURN_TYPE = YES_ERROR;
				GCC_WARN_UNDECLARED_SELECTOR = YES;
				GCC_WARN_UNINITIALIZED_AUTOS = YES_AGGRESSIVE;
				GCC_WARN_UNUSED_FUNCTION = YES;
				GCC_WARN_UNUSED_VARIABLE = YES;
				IPHONEOS_DEPLOYMENT_TARGET = 14.0;
				MTL_ENABLE_DEBUG_INFO = INCLUDE_SOURCE;
				MTL_FAST_MATH = YES;
				ONLY_ACTIVE_ARCH = YES;
				SDKROOT = iphoneos;
				SWIFT_ACTIVE_COMPILATION_CONDITIONS = DEBUG;
				SWIFT_OPTIMIZATION_LEVEL = "-Onone";
			};
			name = Debug;
		};
		B12D490E28A3DE6300D66B51 /* Release */ = {
			isa = XCBuildConfiguration;
			buildSettings = {
				ALWAYS_SEARCH_USER_PATHS = NO;
				CLANG_ANALYZER_NONNULL = YES;
				CLANG_ANALYZER_NUMBER_OBJECT_CONVERSION = YES_AGGRESSIVE;
				CLANG_CXX_LANGUAGE_STANDARD = "gnu++17";
				CLANG_ENABLE_MODULES = YES;
				CLANG_ENABLE_OBJC_ARC = YES;
				CLANG_ENABLE_OBJC_WEAK = YES;
				CLANG_WARN_BLOCK_CAPTURE_AUTORELEASING = YES;
				CLANG_WARN_BOOL_CONVERSION = YES;
				CLANG_WARN_COMMA = YES;
				CLANG_WARN_CONSTANT_CONVERSION = YES;
				CLANG_WARN_DEPRECATED_OBJC_IMPLEMENTATIONS = YES;
				CLANG_WARN_DIRECT_OBJC_ISA_USAGE = YES_ERROR;
				CLANG_WARN_DOCUMENTATION_COMMENTS = YES;
				CLANG_WARN_EMPTY_BODY = YES;
				CLANG_WARN_ENUM_CONVERSION = YES;
				CLANG_WARN_INFINITE_RECURSION = YES;
				CLANG_WARN_INT_CONVERSION = YES;
				CLANG_WARN_NON_LITERAL_NULL_CONVERSION = YES;
				CLANG_WARN_OBJC_IMPLICIT_RETAIN_SELF = YES;
				CLANG_WARN_OBJC_LITERAL_CONVERSION = YES;
				CLANG_WARN_OBJC_ROOT_CLASS = YES_ERROR;
				CLANG_WARN_QUOTED_INCLUDE_IN_FRAMEWORK_HEADER = YES;
				CLANG_WARN_RANGE_LOOP_ANALYSIS = YES;
				CLANG_WARN_STRICT_PROTOTYPES = YES;
				CLANG_WARN_SUSPICIOUS_MOVE = YES;
				CLANG_WARN_UNGUARDED_AVAILABILITY = YES_AGGRESSIVE;
				CLANG_WARN_UNREACHABLE_CODE = YES;
				CLANG_WARN__DUPLICATE_METHOD_MATCH = YES;
				COPY_PHASE_STRIP = NO;
				DEBUG_INFORMATION_FORMAT = "dwarf-with-dsym";
				ENABLE_NS_ASSERTIONS = NO;
				ENABLE_STRICT_OBJC_MSGSEND = YES;
				GCC_C_LANGUAGE_STANDARD = gnu11;
				GCC_NO_COMMON_BLOCKS = YES;
				GCC_WARN_64_TO_32_BIT_CONVERSION = YES;
				GCC_WARN_ABOUT_RETURN_TYPE = YES_ERROR;
				GCC_WARN_UNDECLARED_SELECTOR = YES;
				GCC_WARN_UNINITIALIZED_AUTOS = YES_AGGRESSIVE;
				GCC_WARN_UNUSED_FUNCTION = YES;
				GCC_WARN_UNUSED_VARIABLE = YES;
				IPHONEOS_DEPLOYMENT_TARGET = 14.0;
				MTL_ENABLE_DEBUG_INFO = NO;
				MTL_FAST_MATH = YES;
				SDKROOT = iphoneos;
				SWIFT_COMPILATION_MODE = wholemodule;
				SWIFT_OPTIMIZATION_LEVEL = "-O";
				VALIDATE_PRODUCT = YES;
			};
			name = Release;
		};
		B12D491028A3DE6300D66B51 /* Debug */ = {
			isa = XCBuildConfiguration;
			baseConfigurationReference = CA9310609D07B9921A3EA9A1 /* Pods-ListOfMusicApp.debug.xcconfig */;
			buildSettings = {
				ASSETCATALOG_COMPILER_APPICON_NAME = AppIcon;
				ASSETCATALOG_COMPILER_GLOBAL_ACCENT_COLOR_NAME = AccentColor;
				CODE_SIGN_STYLE = Automatic;
				CURRENT_PROJECT_VERSION = 1;
				DEVELOPMENT_TEAM = 44ZD229G4B;
				GENERATE_INFOPLIST_FILE = YES;
				INFOPLIST_FILE = ListOfMusicApp/Info.plist;
				INFOPLIST_KEY_UIApplicationSupportsIndirectInputEvents = YES;
				INFOPLIST_KEY_UILaunchStoryboardName = LaunchScreen;
				INFOPLIST_KEY_UIMainStoryboardFile = Main;
				INFOPLIST_KEY_UISupportedInterfaceOrientations = UIInterfaceOrientationPortrait;
				INFOPLIST_KEY_UISupportedInterfaceOrientations_iPad = "UIInterfaceOrientationPortrait UIInterfaceOrientationPortraitUpsideDown UIInterfaceOrientationLandscapeLeft UIInterfaceOrientationLandscapeRight";
				INFOPLIST_KEY_UISupportedInterfaceOrientations_iPhone = "UIInterfaceOrientationPortrait UIInterfaceOrientationLandscapeLeft UIInterfaceOrientationLandscapeRight";
				LD_RUNPATH_SEARCH_PATHS = (
					"$(inherited)",
					"@executable_path/Frameworks",
				);
				MARKETING_VERSION = 1.0;
				PRODUCT_BUNDLE_IDENTIFIER = ABzhnsk.ListOfMusicApp;
				PRODUCT_NAME = "$(TARGET_NAME)";
				SWIFT_EMIT_LOC_STRINGS = YES;
				SWIFT_VERSION = 5.0;
				TARGETED_DEVICE_FAMILY = 1;
			};
			name = Debug;
		};
		B12D491128A3DE6300D66B51 /* Release */ = {
			isa = XCBuildConfiguration;
			baseConfigurationReference = 7AA04A23161038B0B92021D3 /* Pods-ListOfMusicApp.release.xcconfig */;
			buildSettings = {
				ASSETCATALOG_COMPILER_APPICON_NAME = AppIcon;
				ASSETCATALOG_COMPILER_GLOBAL_ACCENT_COLOR_NAME = AccentColor;
				CODE_SIGN_STYLE = Automatic;
				CURRENT_PROJECT_VERSION = 1;
				DEVELOPMENT_TEAM = 44ZD229G4B;
				GENERATE_INFOPLIST_FILE = YES;
				INFOPLIST_FILE = ListOfMusicApp/Info.plist;
				INFOPLIST_KEY_UIApplicationSupportsIndirectInputEvents = YES;
				INFOPLIST_KEY_UILaunchStoryboardName = LaunchScreen;
				INFOPLIST_KEY_UIMainStoryboardFile = Main;
				INFOPLIST_KEY_UISupportedInterfaceOrientations = UIInterfaceOrientationPortrait;
				INFOPLIST_KEY_UISupportedInterfaceOrientations_iPad = "UIInterfaceOrientationPortrait UIInterfaceOrientationPortraitUpsideDown UIInterfaceOrientationLandscapeLeft UIInterfaceOrientationLandscapeRight";
				INFOPLIST_KEY_UISupportedInterfaceOrientations_iPhone = "UIInterfaceOrientationPortrait UIInterfaceOrientationLandscapeLeft UIInterfaceOrientationLandscapeRight";
				LD_RUNPATH_SEARCH_PATHS = (
					"$(inherited)",
					"@executable_path/Frameworks",
				);
				MARKETING_VERSION = 1.0;
				PRODUCT_BUNDLE_IDENTIFIER = ABzhnsk.ListOfMusicApp;
				PRODUCT_NAME = "$(TARGET_NAME)";
				SWIFT_EMIT_LOC_STRINGS = YES;
				SWIFT_VERSION = 5.0;
				TARGETED_DEVICE_FAMILY = 1;
			};
			name = Release;
		};
/* End XCBuildConfiguration section */

/* Begin XCConfigurationList section */
		B12D48F328A3DE6200D66B51 /* Build configuration list for PBXProject "ListOfMusicApp" */ = {
			isa = XCConfigurationList;
			buildConfigurations = (
				B12D490D28A3DE6300D66B51 /* Debug */,
				B12D490E28A3DE6300D66B51 /* Release */,
			);
			defaultConfigurationIsVisible = 0;
			defaultConfigurationName = Release;
		};
		B12D490F28A3DE6300D66B51 /* Build configuration list for PBXNativeTarget "ListOfMusicApp" */ = {
			isa = XCConfigurationList;
			buildConfigurations = (
				B12D491028A3DE6300D66B51 /* Debug */,
				B12D491128A3DE6300D66B51 /* Release */,
			);
			defaultConfigurationIsVisible = 0;
			defaultConfigurationName = Release;
		};
/* End XCConfigurationList section */

/* Begin XCVersionGroup section */
		B12D490428A3DE6200D66B51 /* ListOfMusicApp.xcdatamodeld */ = {
			isa = XCVersionGroup;
			children = (
				B12D490528A3DE6200D66B51 /* ListOfMusicApp.xcdatamodel */,
			);
			currentVersion = B12D490528A3DE6200D66B51 /* ListOfMusicApp.xcdatamodel */;
			path = ListOfMusicApp.xcdatamodeld;
			sourceTree = "<group>";
			versionGroupType = wrapper.xcdatamodel;
		};
/* End XCVersionGroup section */
	};
	rootObject = B12D48F028A3DE6200D66B51 /* Project object */;
}
